// !$*UTF8*$!
{
	archiveVersion = 1;
	classes = {
	};
	objectVersion = 56;
	objects = {

/* Begin PBXBuildFile section */
		5AC5D6662C416A25007293DD /* Barcode_ScannerApp.swift in Sources */ = {isa = PBXBuildFile; fileRef = 5AC5D6652C416A25007293DD /* Barcode_ScannerApp.swift */; };
		5AC5D6682C416A25007293DD /* BarCodeScannerView.swift in Sources */ = {isa = PBXBuildFile; fileRef = 5AC5D6672C416A25007293DD /* BarCodeScannerView.swift */; };
		5AC5D66A2C416A27007293DD /* Assets.xcassets in Resources */ = {isa = PBXBuildFile; fileRef = 5AC5D6692C416A27007293DD /* Assets.xcassets */; };
		5AC5D66D2C416A27007293DD /* Preview Assets.xcassets in Resources */ = {isa = PBXBuildFile; fileRef = 5AC5D66C2C416A27007293DD /* Preview Assets.xcassets */; };
		5AC5D6772C416A27007293DD /* Barcode_ScannerTests.swift in Sources */ = {isa = PBXBuildFile; fileRef = 5AC5D6762C416A27007293DD /* Barcode_ScannerTests.swift */; };
		5AC5D6812C416A27007293DD /* Barcode_ScannerUITests.swift in Sources */ = {isa = PBXBuildFile; fileRef = 5AC5D6802C416A27007293DD /* Barcode_ScannerUITests.swift */; };
		5AC5D6832C416A27007293DD /* Barcode_ScannerUITestsLaunchTests.swift in Sources */ = {isa = PBXBuildFile; fileRef = 5AC5D6822C416A27007293DD /* Barcode_ScannerUITestsLaunchTests.swift */; };
		5AC5D6902C417170007293DD /* ScannerVC.swift in Sources */ = {isa = PBXBuildFile; fileRef = 5AC5D68F2C417170007293DD /* ScannerVC.swift */; };
		5AC5D6922C42555C007293DD /* ScannerView.swift in Sources */ = {isa = PBXBuildFile; fileRef = 5AC5D6912C42555C007293DD /* ScannerView.swift */; };
		5AC5D6942C42648F007293DD /* Alert.swift in Sources */ = {isa = PBXBuildFile; fileRef = 5AC5D6932C42648F007293DD /* Alert.swift */; };
		5AC5D6962C426515007293DD /* BarcodeScannerViewModel.swift in Sources */ = {isa = PBXBuildFile; fileRef = 5AC5D6952C426515007293DD /* BarcodeScannerViewModel.swift */; };
/* End PBXBuildFile section */

/* Begin PBXContainerItemProxy section */
		5AC5D6732C416A27007293DD /* PBXContainerItemProxy */ = {
			isa = PBXContainerItemProxy;
			containerPortal = 5AC5D65A2C416A25007293DD /* Project object */;
			proxyType = 1;
			remoteGlobalIDString = 5AC5D6612C416A25007293DD;
			remoteInfo = "Barcode Scanner";
		};
		5AC5D67D2C416A27007293DD /* PBXContainerItemProxy */ = {
			isa = PBXContainerItemProxy;
			containerPortal = 5AC5D65A2C416A25007293DD /* Project object */;
			proxyType = 1;
			remoteGlobalIDString = 5AC5D6612C416A25007293DD;
			remoteInfo = "Barcode Scanner";
		};
/* End PBXContainerItemProxy section */

/* Begin PBXFileReference section */
		5AC5D6622C416A25007293DD /* Barcode Scanner.app */ = {isa = PBXFileReference; explicitFileType = wrapper.application; includeInIndex = 0; path = "Barcode Scanner.app"; sourceTree = BUILT_PRODUCTS_DIR; };
		5AC5D6652C416A25007293DD /* Barcode_ScannerApp.swift */ = {isa = PBXFileReference; lastKnownFileType = sourcecode.swift; path = Barcode_ScannerApp.swift; sourceTree = "<group>"; };
		5AC5D6672C416A25007293DD /* BarCodeScannerView.swift */ = {isa = PBXFileReference; lastKnownFileType = sourcecode.swift; path = BarCodeScannerView.swift; sourceTree = "<group>"; };
		5AC5D6692C416A27007293DD /* Assets.xcassets */ = {isa = PBXFileReference; lastKnownFileType = folder.assetcatalog; path = Assets.xcassets; sourceTree = "<group>"; };
		5AC5D66C2C416A27007293DD /* Preview Assets.xcassets */ = {isa = PBXFileReference; lastKnownFileType = folder.assetcatalog; path = "Preview Assets.xcassets"; sourceTree = "<group>"; };
		5AC5D6722C416A27007293DD /* Barcode ScannerTests.xctest */ = {isa = PBXFileReference; explicitFileType = wrapper.cfbundle; includeInIndex = 0; path = "Barcode ScannerTests.xctest"; sourceTree = BUILT_PRODUCTS_DIR; };
		5AC5D6762C416A27007293DD /* Barcode_ScannerTests.swift */ = {isa = PBXFileReference; lastKnownFileType = sourcecode.swift; path = Barcode_ScannerTests.swift; sourceTree = "<group>"; };
		5AC5D67C2C416A27007293DD /* Barcode ScannerUITests.xctest */ = {isa = PBXFileReference; explicitFileType = wrapper.cfbundle; includeInIndex = 0; path = "Barcode ScannerUITests.xctest"; sourceTree = BUILT_PRODUCTS_DIR; };
		5AC5D6802C416A27007293DD /* Barcode_ScannerUITests.swift */ = {isa = PBXFileReference; lastKnownFileType = sourcecode.swift; path = Barcode_ScannerUITests.swift; sourceTree = "<group>"; };
		5AC5D6822C416A27007293DD /* Barcode_ScannerUITestsLaunchTests.swift */ = {isa = PBXFileReference; lastKnownFileType = sourcecode.swift; path = Barcode_ScannerUITestsLaunchTests.swift; sourceTree = "<group>"; };
		5AC5D68F2C417170007293DD /* ScannerVC.swift */ = {isa = PBXFileReference; lastKnownFileType = sourcecode.swift; path = ScannerVC.swift; sourceTree = "<group>"; };
		5AC5D6912C42555C007293DD /* ScannerView.swift */ = {isa = PBXFileReference; lastKnownFileType = sourcecode.swift; path = ScannerView.swift; sourceTree = "<group>"; };
		5AC5D6932C42648F007293DD /* Alert.swift */ = {isa = PBXFileReference; lastKnownFileType = sourcecode.swift; path = Alert.swift; sourceTree = "<group>"; };
		5AC5D6952C426515007293DD /* BarcodeScannerViewModel.swift */ = {isa = PBXFileReference; lastKnownFileType = sourcecode.swift; path = BarcodeScannerViewModel.swift; sourceTree = "<group>"; };
/* End PBXFileReference section */

/* Begin PBXFrameworksBuildPhase section */
		5AC5D65F2C416A25007293DD /* Frameworks */ = {
			isa = PBXFrameworksBuildPhase;
			buildActionMask = 2147483647;
			files = (
			);
			runOnlyForDeploymentPostprocessing = 0;
		};
		5AC5D66F2C416A27007293DD /* Frameworks */ = {
			isa = PBXFrameworksBuildPhase;
			buildActionMask = 2147483647;
			files = (
			);
			runOnlyForDeploymentPostprocessing = 0;
		};
		5AC5D6792C416A27007293DD /* Frameworks */ = {
			isa = PBXFrameworksBuildPhase;
			buildActionMask = 2147483647;
			files = (
			);
			runOnlyForDeploymentPostprocessing = 0;
		};
/* End PBXFrameworksBuildPhase section */

/* Begin PBXGroup section */
		5AC5D6592C416A25007293DD = {
			isa = PBXGroup;
			children = (
				5AC5D6642C416A25007293DD /* Barcode Scanner */,
				5AC5D6752C416A27007293DD /* Barcode ScannerTests */,
				5AC5D67F2C416A27007293DD /* Barcode ScannerUITests */,
				5AC5D6632C416A25007293DD /* Products */,
			);
			sourceTree = "<group>";
		};
		5AC5D6632C416A25007293DD /* Products */ = {
			isa = PBXGroup;
			children = (
				5AC5D6622C416A25007293DD /* Barcode Scanner.app */,
				5AC5D6722C416A27007293DD /* Barcode ScannerTests.xctest */,
				5AC5D67C2C416A27007293DD /* Barcode ScannerUITests.xctest */,
			);
			name = Products;
			sourceTree = "<group>";
		};
		5AC5D6642C416A25007293DD /* Barcode Scanner */ = {
			isa = PBXGroup;
			children = (
				5AC5D6652C416A25007293DD /* Barcode_ScannerApp.swift */,
				5AC5D6992C426858007293DD /* Views */,
				5AC5D6972C426822007293DD /* Screens */,
				5AC5D69B2C4268A5007293DD /* Utilities */,
				5AC5D6692C416A27007293DD /* Assets.xcassets */,
				5AC5D66B2C416A27007293DD /* Preview Content */,
			);
			path = "Barcode Scanner";
			sourceTree = "<group>";
		};
		5AC5D66B2C416A27007293DD /* Preview Content */ = {
			isa = PBXGroup;
			children = (
				5AC5D66C2C416A27007293DD /* Preview Assets.xcassets */,
			);
			path = "Preview Content";
			sourceTree = "<group>";
		};
		5AC5D6752C416A27007293DD /* Barcode ScannerTests */ = {
			isa = PBXGroup;
			children = (
				5AC5D6762C416A27007293DD /* Barcode_ScannerTests.swift */,
			);
			path = "Barcode ScannerTests";
			sourceTree = "<group>";
		};
		5AC5D67F2C416A27007293DD /* Barcode ScannerUITests */ = {
			isa = PBXGroup;
			children = (
				5AC5D6802C416A27007293DD /* Barcode_ScannerUITests.swift */,
				5AC5D6822C416A27007293DD /* Barcode_ScannerUITestsLaunchTests.swift */,
			);
			path = "Barcode ScannerUITests";
			sourceTree = "<group>";
		};
		5AC5D6972C426822007293DD /* Screens */ = {
			isa = PBXGroup;
			children = (
				5AC5D6982C42682E007293DD /* BarcodeScanner */,
			);
			path = Screens;
			sourceTree = "<group>";
		};
		5AC5D6982C42682E007293DD /* BarcodeScanner */ = {
			isa = PBXGroup;
			children = (
				5AC5D6952C426515007293DD /* BarcodeScannerViewModel.swift */,
				5AC5D6672C416A25007293DD /* BarCodeScannerView.swift */,
			);
			path = BarcodeScanner;
			sourceTree = "<group>";
		};
		5AC5D6992C426858007293DD /* Views */ = {
			isa = PBXGroup;
			children = (
				5AC5D69A2C426868007293DD /* UIKit Components */,
			);
			path = Views;
			sourceTree = "<group>";
		};
		5AC5D69A2C426868007293DD /* UIKit Components */ = {
			isa = PBXGroup;
			children = (
				5AC5D68F2C417170007293DD /* ScannerVC.swift */,
				5AC5D6912C42555C007293DD /* ScannerView.swift */,
			);
			path = "UIKit Components";
			sourceTree = "<group>";
		};
		5AC5D69B2C4268A5007293DD /* Utilities */ = {
			isa = PBXGroup;
			children = (
				5AC5D6932C42648F007293DD /* Alert.swift */,
			);
			path = Utilities;
			sourceTree = "<group>";
		};
/* End PBXGroup section */

/* Begin PBXNativeTarget section */
		5AC5D6612C416A25007293DD /* Barcode Scanner */ = {
			isa = PBXNativeTarget;
			buildConfigurationList = 5AC5D6862C416A27007293DD /* Build configuration list for PBXNativeTarget "Barcode Scanner" */;
			buildPhases = (
				5AC5D65E2C416A25007293DD /* Sources */,
				5AC5D65F2C416A25007293DD /* Frameworks */,
				5AC5D6602C416A25007293DD /* Resources */,
			);
			buildRules = (
			);
			dependencies = (
			);
			name = "Barcode Scanner";
			productName = "Barcode Scanner";
			productReference = 5AC5D6622C416A25007293DD /* Barcode Scanner.app */;
			productType = "com.apple.product-type.application";
		};
		5AC5D6712C416A27007293DD /* Barcode ScannerTests */ = {
			isa = PBXNativeTarget;
			buildConfigurationList = 5AC5D6892C416A27007293DD /* Build configuration list for PBXNativeTarget "Barcode ScannerTests" */;
			buildPhases = (
				5AC5D66E2C416A27007293DD /* Sources */,
				5AC5D66F2C416A27007293DD /* Frameworks */,
				5AC5D6702C416A27007293DD /* Resources */,
			);
			buildRules = (
			);
			dependencies = (
				5AC5D6742C416A27007293DD /* PBXTargetDependency */,
			);
			name = "Barcode ScannerTests";
			productName = "Barcode ScannerTests";
			productReference = 5AC5D6722C416A27007293DD /* Barcode ScannerTests.xctest */;
			productType = "com.apple.product-type.bundle.unit-test";
		};
		5AC5D67B2C416A27007293DD /* Barcode ScannerUITests */ = {
			isa = PBXNativeTarget;
			buildConfigurationList = 5AC5D68C2C416A27007293DD /* Build configuration list for PBXNativeTarget "Barcode ScannerUITests" */;
			buildPhases = (
				5AC5D6782C416A27007293DD /* Sources */,
				5AC5D6792C416A27007293DD /* Frameworks */,
				5AC5D67A2C416A27007293DD /* Resources */,
			);
			buildRules = (
			);
			dependencies = (
				5AC5D67E2C416A27007293DD /* PBXTargetDependency */,
			);
			name = "Barcode ScannerUITests";
			productName = "Barcode ScannerUITests";
			productReference = 5AC5D67C2C416A27007293DD /* Barcode ScannerUITests.xctest */;
			productType = "com.apple.product-type.bundle.ui-testing";
		};
/* End PBXNativeTarget section */

/* Begin PBXProject section */
		5AC5D65A2C416A25007293DD /* Project object */ = {
			isa = PBXProject;
			attributes = {
				BuildIndependentTargetsInParallel = 1;
				LastSwiftUpdateCheck = 1530;
				LastUpgradeCheck = 1530;
				TargetAttributes = {
					5AC5D6612C416A25007293DD = {
						CreatedOnToolsVersion = 15.3;
					};
					5AC5D6712C416A27007293DD = {
						CreatedOnToolsVersion = 15.3;
						TestTargetID = 5AC5D6612C416A25007293DD;
					};
					5AC5D67B2C416A27007293DD = {
						CreatedOnToolsVersion = 15.3;
						TestTargetID = 5AC5D6612C416A25007293DD;
					};
				};
			};
			buildConfigurationList = 5AC5D65D2C416A25007293DD /* Build configuration list for PBXProject "Barcode Scanner" */;
			compatibilityVersion = "Xcode 14.0";
			developmentRegion = en;
			hasScannedForEncodings = 0;
			knownRegions = (
				en,
				Base,
			);
			mainGroup = 5AC5D6592C416A25007293DD;
			productRefGroup = 5AC5D6632C416A25007293DD /* Products */;
			projectDirPath = "";
			projectRoot = "";
			targets = (
				5AC5D6612C416A25007293DD /* Barcode Scanner */,
				5AC5D6712C416A27007293DD /* Barcode ScannerTests */,
				5AC5D67B2C416A27007293DD /* Barcode ScannerUITests */,
			);
		};
/* End PBXProject section */

/* Begin PBXResourcesBuildPhase section */
		5AC5D6602C416A25007293DD /* Resources */ = {
			isa = PBXResourcesBuildPhase;
			buildActionMask = 2147483647;
			files = (
				5AC5D66D2C416A27007293DD /* Preview Assets.xcassets in Resources */,
				5AC5D66A2C416A27007293DD /* Assets.xcassets in Resources */,
			);
			runOnlyForDeploymentPostprocessing = 0;
		};
		5AC5D6702C416A27007293DD /* Resources */ = {
			isa = PBXResourcesBuildPhase;
			buildActionMask = 2147483647;
			files = (
			);
			runOnlyForDeploymentPostprocessing = 0;
		};
		5AC5D67A2C416A27007293DD /* Resources */ = {
			isa = PBXResourcesBuildPhase;
			buildActionMask = 2147483647;
			files = (
			);
			runOnlyForDeploymentPostprocessing = 0;
		};
/* End PBXResourcesBuildPhase section */

/* Begin PBXSourcesBuildPhase section */
		5AC5D65E2C416A25007293DD /* Sources */ = {
			isa = PBXSourcesBuildPhase;
			buildActionMask = 2147483647;
			files = (
				5AC5D6962C426515007293DD /* BarcodeScannerViewModel.swift in Sources */,
				5AC5D6902C417170007293DD /* ScannerVC.swift in Sources */,
				5AC5D6682C416A25007293DD /* BarCodeScannerView.swift in Sources */,
				5AC5D6662C416A25007293DD /* Barcode_ScannerApp.swift in Sources */,
				5AC5D6942C42648F007293DD /* Alert.swift in Sources */,
				5AC5D6922C42555C007293DD /* ScannerView.swift in Sources */,
			);
			runOnlyForDeploymentPostprocessing = 0;
		};
		5AC5D66E2C416A27007293DD /* Sources */ = {
			isa = PBXSourcesBuildPhase;
			buildActionMask = 2147483647;
			files = (
				5AC5D6772C416A27007293DD /* Barcode_ScannerTests.swift in Sources */,
			);
			runOnlyForDeploymentPostprocessing = 0;
		};
		5AC5D6782C416A27007293DD /* Sources */ = {
			isa = PBXSourcesBuildPhase;
			buildActionMask = 2147483647;
			files = (
				5AC5D6832C416A27007293DD /* Barcode_ScannerUITestsLaunchTests.swift in Sources */,
				5AC5D6812C416A27007293DD /* Barcode_ScannerUITests.swift in Sources */,
			);
			runOnlyForDeploymentPostprocessing = 0;
		};
/* End PBXSourcesBuildPhase section */

/* Begin PBXTargetDependency section */
		5AC5D6742C416A27007293DD /* PBXTargetDependency */ = {
			isa = PBXTargetDependency;
			target = 5AC5D6612C416A25007293DD /* Barcode Scanner */;
			targetProxy = 5AC5D6732C416A27007293DD /* PBXContainerItemProxy */;
		};
		5AC5D67E2C416A27007293DD /* PBXTargetDependency */ = {
			isa = PBXTargetDependency;
			target = 5AC5D6612C416A25007293DD /* Barcode Scanner */;
			targetProxy = 5AC5D67D2C416A27007293DD /* PBXContainerItemProxy */;
		};
/* End PBXTargetDependency section */

/* Begin XCBuildConfiguration section */
		5AC5D6842C416A27007293DD /* Debug */ = {
			isa = XCBuildConfiguration;
			buildSettings = {
				ALWAYS_SEARCH_USER_PATHS = NO;
				ASSETCATALOG_COMPILER_GENERATE_SWIFT_ASSET_SYMBOL_EXTENSIONS = YES;
				CLANG_ANALYZER_NONNULL = YES;
				CLANG_ANALYZER_NUMBER_OBJECT_CONVERSION = YES_AGGRESSIVE;
				CLANG_CXX_LANGUAGE_STANDARD = "gnu++20";
				CLANG_ENABLE_MODULES = YES;
				CLANG_ENABLE_OBJC_ARC = YES;
				CLANG_ENABLE_OBJC_WEAK = YES;
				CLANG_WARN_BLOCK_CAPTURE_AUTORELEASING = YES;
				CLANG_WARN_BOOL_CONVERSION = YES;
				CLANG_WARN_COMMA = YES;
				CLANG_WARN_CONSTANT_CONVERSION = YES;
				CLANG_WARN_DEPRECATED_OBJC_IMPLEMENTATIONS = YES;
				CLANG_WARN_DIRECT_OBJC_ISA_USAGE = YES_ERROR;
				CLANG_WARN_DOCUMENTATION_COMMENTS = YES;
				CLANG_WARN_EMPTY_BODY = YES;
				CLANG_WARN_ENUM_CONVERSION = YES;
				CLANG_WARN_INFINITE_RECURSION = YES;
				CLANG_WARN_INT_CONVERSION = YES;
				CLANG_WARN_NON_LITERAL_NULL_CONVERSION = YES;
				CLANG_WARN_OBJC_IMPLICIT_RETAIN_SELF = YES;
				CLANG_WARN_OBJC_LITERAL_CONVERSION = YES;
				CLANG_WARN_OBJC_ROOT_CLASS = YES_ERROR;
				CLANG_WARN_QUOTED_INCLUDE_IN_FRAMEWORK_HEADER = YES;
				CLANG_WARN_RANGE_LOOP_ANALYSIS = YES;
				CLANG_WARN_STRICT_PROTOTYPES = YES;
				CLANG_WARN_SUSPICIOUS_MOVE = YES;
				CLANG_WARN_UNGUARDED_AVAILABILITY = YES_AGGRESSIVE;
				CLANG_WARN_UNREACHABLE_CODE = YES;
				CLANG_WARN__DUPLICATE_METHOD_MATCH = YES;
				COPY_PHASE_STRIP = NO;
				DEBUG_INFORMATION_FORMAT = dwarf;
				ENABLE_STRICT_OBJC_MSGSEND = YES;
				ENABLE_TESTABILITY = YES;
				ENABLE_USER_SCRIPT_SANDBOXING = YES;
				GCC_C_LANGUAGE_STANDARD = gnu17;
				GCC_DYNAMIC_NO_PIC = NO;
				GCC_NO_COMMON_BLOCKS = YES;
				GCC_OPTIMIZATION_LEVEL = 0;
				GCC_PREPROCESSOR_DEFINITIONS = (
					"DEBUG=1",
					"$(inherited)",
				);
				GCC_WARN_64_TO_32_BIT_CONVERSION = YES;
				GCC_WARN_ABOUT_RETURN_TYPE = YES_ERROR;
				GCC_WARN_UNDECLARED_SELECTOR = YES;
				GCC_WARN_UNINITIALIZED_AUTOS = YES_AGGRESSIVE;
				GCC_WARN_UNUSED_FUNCTION = YES;
				GCC_WARN_UNUSED_VARIABLE = YES;
				IPHONEOS_DEPLOYMENT_TARGET = 17.4;
				LOCALIZATION_PREFERS_STRING_CATALOGS = YES;
				MTL_ENABLE_DEBUG_INFO = INCLUDE_SOURCE;
				MTL_FAST_MATH = YES;
				ONLY_ACTIVE_ARCH = YES;
				SDKROOT = iphoneos;
				SWIFT_ACTIVE_COMPILATION_CONDITIONS = "DEBUG $(inherited)";
				SWIFT_OPTIMIZATION_LEVEL = "-Onone";
			};
			name = Debug;
		};
		5AC5D6852C416A27007293DD /* Release */ = {
			isa = XCBuildConfiguration;
			buildSettings = {
				ALWAYS_SEARCH_USER_PATHS = NO;
				ASSETCATALOG_COMPILER_GENERATE_SWIFT_ASSET_SYMBOL_EXTENSIONS = YES;
				CLANG_ANALYZER_NONNULL = YES;
				CLANG_ANALYZER_NUMBER_OBJECT_CONVERSION = YES_AGGRESSIVE;
				CLANG_CXX_LANGUAGE_STANDARD = "gnu++20";
				CLANG_ENABLE_MODULES = YES;
				CLANG_ENABLE_OBJC_ARC = YES;
				CLANG_ENABLE_OBJC_WEAK = YES;
				CLANG_WARN_BLOCK_CAPTURE_AUTORELEASING = YES;
				CLANG_WARN_BOOL_CONVERSION = YES;
				CLANG_WARN_COMMA = YES;
				CLANG_WARN_CONSTANT_CONVERSION = YES;
				CLANG_WARN_DEPRECATED_OBJC_IMPLEMENTATIONS = YES;
				CLANG_WARN_DIRECT_OBJC_ISA_USAGE = YES_ERROR;
				CLANG_WARN_DOCUMENTATION_COMMENTS = YES;
				CLANG_WARN_EMPTY_BODY = YES;
				CLANG_WARN_ENUM_CONVERSION = YES;
				CLANG_WARN_INFINITE_RECURSION = YES;
				CLANG_WARN_INT_CONVERSION = YES;
				CLANG_WARN_NON_LITERAL_NULL_CONVERSION = YES;
				CLANG_WARN_OBJC_IMPLICIT_RETAIN_SELF = YES;
				CLANG_WARN_OBJC_LITERAL_CONVERSION = YES;
				CLANG_WARN_OBJC_ROOT_CLASS = YES_ERROR;
				CLANG_WARN_QUOTED_INCLUDE_IN_FRAMEWORK_HEADER = YES;
				CLANG_WARN_RANGE_LOOP_ANALYSIS = YES;
				CLANG_WARN_STRICT_PROTOTYPES = YES;
				CLANG_WARN_SUSPICIOUS_MOVE = YES;
				CLANG_WARN_UNGUARDED_AVAILABILITY = YES_AGGRESSIVE;
				CLANG_WARN_UNREACHABLE_CODE = YES;
				CLANG_WARN__DUPLICATE_METHOD_MATCH = YES;
				COPY_PHASE_STRIP = NO;
				DEBUG_INFORMATION_FORMAT = "dwarf-with-dsym";
				ENABLE_NS_ASSERTIONS = NO;
				ENABLE_STRICT_OBJC_MSGSEND = YES;
				ENABLE_USER_SCRIPT_SANDBOXING = YES;
				GCC_C_LANGUAGE_STANDARD = gnu17;
				GCC_NO_COMMON_BLOCKS = YES;
				GCC_WARN_64_TO_32_BIT_CONVERSION = YES;
				GCC_WARN_ABOUT_RETURN_TYPE = YES_ERROR;
				GCC_WARN_UNDECLARED_SELECTOR = YES;
				GCC_WARN_UNINITIALIZED_AUTOS = YES_AGGRESSIVE;
				GCC_WARN_UNUSED_FUNCTION = YES;
				GCC_WARN_UNUSED_VARIABLE = YES;
				IPHONEOS_DEPLOYMENT_TARGET = 17.4;
				LOCALIZATION_PREFERS_STRING_CATALOGS = YES;
				MTL_ENABLE_DEBUG_INFO = NO;
				MTL_FAST_MATH = YES;
				SDKROOT = iphoneos;
				SWIFT_COMPILATION_MODE = wholemodule;
				VALIDATE_PRODUCT = YES;
			};
			name = Release;
		};
		5AC5D6872C416A27007293DD /* Debug */ = {
			isa = XCBuildConfiguration;
			buildSettings = {
				ASSETCATALOG_COMPILER_APPICON_NAME = AppIcon;
				ASSETCATALOG_COMPILER_GLOBAL_ACCENT_COLOR_NAME = AccentColor;
				"CODE_SIGN_IDENTITY[sdk=iphoneos*]" = "iPhone Developer";
				CODE_SIGN_STYLE = Manual;
				CURRENT_PROJECT_VERSION = 1;
				DEVELOPMENT_ASSET_PATHS = "\"Barcode Scanner/Preview Content\"";
				DEVELOPMENT_TEAM = "";
				"DEVELOPMENT_TEAM[sdk=iphoneos*]" = 4D93X8NA5Z;
				ENABLE_PREVIEWS = YES;
				GENERATE_INFOPLIST_FILE = YES;
				INFOPLIST_KEY_NSCameraUsageDescription = "We need to use camera to scan barcodes";
				INFOPLIST_KEY_UIApplicationSceneManifest_Generation = YES;
				INFOPLIST_KEY_UIApplicationSupportsIndirectInputEvents = YES;
				INFOPLIST_KEY_UILaunchScreen_Generation = YES;
				INFOPLIST_KEY_UISupportedInterfaceOrientations_iPad = "UIInterfaceOrientationPortrait UIInterfaceOrientationPortraitUpsideDown UIInterfaceOrientationLandscapeLeft UIInterfaceOrientationLandscapeRight";
				INFOPLIST_KEY_UISupportedInterfaceOrientations_iPhone = "UIInterfaceOrientationPortrait UIInterfaceOrientationLandscapeLeft UIInterfaceOrientationLandscapeRight";
				LD_RUNPATH_SEARCH_PATHS = (
					"$(inherited)",
					"@executable_path/Frameworks",
				);
				MARKETING_VERSION = 1.0;
				PRODUCT_BUNDLE_IDENTIFIER = com.rely2.app;
				PRODUCT_NAME = "$(TARGET_NAME)";
				PROVISIONING_PROFILE_SPECIFIER = "";
				"PROVISIONING_PROFILE_SPECIFIER[sdk=iphoneos*]" = RelyV2prov;
				SWIFT_EMIT_LOC_STRINGS = YES;
				SWIFT_VERSION = 5.0;
				TARGETED_DEVICE_FAMILY = "1,2";
			};
			name = Debug;
		};
		5AC5D6882C416A27007293DD /* Release */ = {
			isa = XCBuildConfiguration;
			buildSettings = {
				ASSETCATALOG_COMPILER_APPICON_NAME = AppIcon;
				ASSETCATALOG_COMPILER_GLOBAL_ACCENT_COLOR_NAME = AccentColor;
				"CODE_SIGN_IDENTITY[sdk=iphoneos*]" = "iPhone Developer";
				CODE_SIGN_STYLE = Manual;
				CURRENT_PROJECT_VERSION = 1;
				DEVELOPMENT_ASSET_PATHS = "\"Barcode Scanner/Preview Content\"";
				DEVELOPMENT_TEAM = "";
				"DEVELOPMENT_TEAM[sdk=iphoneos*]" = 4D93X8NA5Z;
				ENABLE_PREVIEWS = YES;
				GENERATE_INFOPLIST_FILE = YES;
				INFOPLIST_KEY_NSCameraUsageDescription = "We need to use camera to scan barcodes";
				INFOPLIST_KEY_UIApplicationSceneManifest_Generation = YES;
				INFOPLIST_KEY_UIApplicationSupportsIndirectInputEvents = YES;
				INFOPLIST_KEY_UILaunchScreen_Generation = YES;
				INFOPLIST_KEY_UISupportedInterfaceOrientations_iPad = "UIInterfaceOrientationPortrait UIInterfaceOrientationPortraitUpsideDown UIInterfaceOrientationLandscapeLeft UIInterfaceOrientationLandscapeRight";
				INFOPLIST_KEY_UISupportedInterfaceOrientations_iPhone = "UIInterfaceOrientationPortrait UIInterfaceOrientationLandscapeLeft UIInterfaceOrientationLandscapeRight";
				LD_RUNPATH_SEARCH_PATHS = (
					"$(inherited)",
					"@executable_path/Frameworks",
				);
				MARKETING_VERSION = 1.0;
				PRODUCT_BUNDLE_IDENTIFIER = com.rely2.app;
				PRODUCT_NAME = "$(TARGET_NAME)";
				PROVISIONING_PROFILE_SPECIFIER = "";
				"PROVISIONING_PROFILE_SPECIFIER[sdk=iphoneos*]" = RelyV2prov;
				SWIFT_EMIT_LOC_STRINGS = YES;
				SWIFT_VERSION = 5.0;
				TARGETED_DEVICE_FAMILY = "1,2";
			};
			name = Release;
		};
		5AC5D68A2C416A27007293DD /* Debug */ = {
			isa = XCBuildConfiguration;
			buildSettings = {
				ALWAYS_EMBED_SWIFT_STANDARD_LIBRARIES = YES;
				BUNDLE_LOADER = "$(TEST_HOST)";
				CODE_SIGN_STYLE = Automatic;
				CURRENT_PROJECT_VERSION = 1;
				DEVELOPMENT_TEAM = YRM49GUKC6;
				GENERATE_INFOPLIST_FILE = YES;
				IPHONEOS_DEPLOYMENT_TARGET = 17.4;
				MARKETING_VERSION = 1.0;
				PRODUCT_BUNDLE_IDENTIFIER = "com.Barcode-ScannerTests";
				PRODUCT_NAME = "$(TARGET_NAME)";
				SWIFT_EMIT_LOC_STRINGS = NO;
				SWIFT_VERSION = 5.0;
				TARGETED_DEVICE_FAMILY = "1,2";
				TEST_HOST = "$(BUILT_PRODUCTS_DIR)/Barcode Scanner.app/$(BUNDLE_EXECUTABLE_FOLDER_PATH)/Barcode Scanner";
			};
			name = Debug;
		};
		5AC5D68B2C416A27007293DD /* Release */ = {
			isa = XCBuildConfiguration;
			buildSettings = {
				ALWAYS_EMBED_SWIFT_STANDARD_LIBRARIES = YES;
				BUNDLE_LOADER = "$(TEST_HOST)";
				CODE_SIGN_STYLE = Automatic;
				CURRENT_PROJECT_VERSION = 1;
				DEVELOPMENT_TEAM = YRM49GUKC6;
				GENERATE_INFOPLIST_FILE = YES;
				IPHONEOS_DEPLOYMENT_TARGET = 17.4;
				MARKETING_VERSION = 1.0;
				PRODUCT_BUNDLE_IDENTIFIER = "com.Barcode-ScannerTests";
				PRODUCT_NAME = "$(TARGET_NAME)";
				SWIFT_EMIT_LOC_STRINGS = NO;
				SWIFT_VERSION = 5.0;
				TARGETED_DEVICE_FAMILY = "1,2";
				TEST_HOST = "$(BUILT_PRODUCTS_DIR)/Barcode Scanner.app/$(BUNDLE_EXECUTABLE_FOLDER_PATH)/Barcode Scanner";
			};
			name = Release;
		};
		5AC5D68D2C416A27007293DD /* Debug */ = {
			isa = XCBuildConfiguration;
			buildSettings = {
				ALWAYS_EMBED_SWIFT_STANDARD_LIBRARIES = YES;
				CODE_SIGN_STYLE = Automatic;
				CURRENT_PROJECT_VERSION = 1;
				DEVELOPMENT_TEAM = YRM49GUKC6;
				GENERATE_INFOPLIST_FILE = YES;
				MARKETING_VERSION = 1.0;
				PRODUCT_BUNDLE_IDENTIFIER = "com.Barcode-ScannerUITests";
				PRODUCT_NAME = "$(TARGET_NAME)";
				SWIFT_EMIT_LOC_STRINGS = NO;
				SWIFT_VERSION = 5.0;
				TARGETED_DEVICE_FAMILY = "1,2";
				TEST_TARGET_NAME = "Barcode Scanner";
			};
			name = Debug;
		};
		5AC5D68E2C416A27007293DD /* Release */ = {
			isa = XCBuildConfiguration;
			buildSettings = {
				ALWAYS_EMBED_SWIFT_STANDARD_LIBRARIES = YES;
				CODE_SIGN_STYLE = Automatic;
				CURRENT_PROJECT_VERSION = 1;
				DEVELOPMENT_TEAM = YRM49GUKC6;
				GENERATE_INFOPLIST_FILE = YES;
				MARKETING_VERSION = 1.0;
				PRODUCT_BUNDLE_IDENTIFIER = "com.Barcode-ScannerUITests";
				PRODUCT_NAME = "$(TARGET_NAME)";
				SWIFT_EMIT_LOC_STRINGS = NO;
				SWIFT_VERSION = 5.0;
				TARGETED_DEVICE_FAMILY = "1,2";
				TEST_TARGET_NAME = "Barcode Scanner";
			};
			name = Release;
		};
/* End XCBuildConfiguration section */

/* Begin XCConfigurationList section */
		5AC5D65D2C416A25007293DD /* Build configuration list for PBXProject "Barcode Scanner" */ = {
			isa = XCConfigurationList;
			buildConfigurations = (
				5AC5D6842C416A27007293DD /* Debug */,
				5AC5D6852C416A27007293DD /* Release */,
			);
			defaultConfigurationIsVisible = 0;
			defaultConfigurationName = Release;
		};
		5AC5D6862C416A27007293DD /* Build configuration list for PBXNativeTarget "Barcode Scanner" */ = {
			isa = XCConfigurationList;
			buildConfigurations = (
				5AC5D6872C416A27007293DD /* Debug */,
				5AC5D6882C416A27007293DD /* Release */,
			);
			defaultConfigurationIsVisible = 0;
			defaultConfigurationName = Release;
		};
		5AC5D6892C416A27007293DD /* Build configuration list for PBXNativeTarget "Barcode ScannerTests" */ = {
			isa = XCConfigurationList;
			buildConfigurations = (
				5AC5D68A2C416A27007293DD /* Debug */,
				5AC5D68B2C416A27007293DD /* Release */,
			);
			defaultConfigurationIsVisible = 0;
			defaultConfigurationName = Release;
		};
		5AC5D68C2C416A27007293DD /* Build configuration list for PBXNativeTarget "Barcode ScannerUITests" */ = {
			isa = XCConfigurationList;
			buildConfigurations = (
				5AC5D68D2C416A27007293DD /* Debug */,
				5AC5D68E2C416A27007293DD /* Release */,
			);
			defaultConfigurationIsVisible = 0;
			defaultConfigurationName = Release;
		};
/* End XCConfigurationList section */
	};
	rootObject = 5AC5D65A2C416A25007293DD /* Project object */;
}
